// !$*UTF8*$!
{
	archiveVersion = 1;
	classes = {
	};
	objectVersion = 56;
	objects = {

/* Begin PBXBuildFile section */
		B38D25472A8E06A70058A7ED /* SamplePluginAppApp.swift in Sources */ = {isa = PBXBuildFile; fileRef = B38D25462A8E06A70058A7ED /* SamplePluginAppApp.swift */; };
		B38D25492A8E06A70058A7ED /* ContentView.swift in Sources */ = {isa = PBXBuildFile; fileRef = B38D25482A8E06A70058A7ED /* ContentView.swift */; };
		B38D254B2A8E06A80058A7ED /* Assets.xcassets in Resources */ = {isa = PBXBuildFile; fileRef = B38D254A2A8E06A80058A7ED /* Assets.xcassets */; };
		B38D254E2A8E06A80058A7ED /* Preview Assets.xcassets in Resources */ = {isa = PBXBuildFile; fileRef = B38D254D2A8E06A80058A7ED /* Preview Assets.xcassets */; };
		B38D25592A8E06A90058A7ED /* SamplePluginAppTests.swift in Sources */ = {isa = PBXBuildFile; fileRef = B38D25582A8E06A90058A7ED /* SamplePluginAppTests.swift */; };
		B38D25632A8E06A90058A7ED /* SamplePluginAppUITests.swift in Sources */ = {isa = PBXBuildFile; fileRef = B38D25622A8E06A90058A7ED /* SamplePluginAppUITests.swift */; };
		B38D25652A8E06A90058A7ED /* SamplePluginAppUITestsLaunchTests.swift in Sources */ = {isa = PBXBuildFile; fileRef = B38D25642A8E06A90058A7ED /* SamplePluginAppUITestsLaunchTests.swift */; };
		B38D25772A8EFC060058A7ED /* SamplePlugin in Frameworks */ = {isa = PBXBuildFile; productRef = B38D25762A8EFC060058A7ED /* SamplePlugin */; };
/* End PBXBuildFile section */

/* Begin PBXContainerItemProxy section */
		B38D25552A8E06A90058A7ED /* PBXContainerItemProxy */ = {
			isa = PBXContainerItemProxy;
			containerPortal = B38D253B2A8E06A70058A7ED /* Project object */;
			proxyType = 1;
			remoteGlobalIDString = B38D25422A8E06A70058A7ED;
			remoteInfo = SamplePluginApp;
		};
		B38D255F2A8E06A90058A7ED /* PBXContainerItemProxy */ = {
			isa = PBXContainerItemProxy;
			containerPortal = B38D253B2A8E06A70058A7ED /* Project object */;
			proxyType = 1;
			remoteGlobalIDString = B38D25422A8E06A70058A7ED;
			remoteInfo = SamplePluginApp;
		};
/* End PBXContainerItemProxy section */

/* Begin PBXFileReference section */
		B38D25432A8E06A70058A7ED /* SamplePluginApp.app */ = {isa = PBXFileReference; explicitFileType = wrapper.application; includeInIndex = 0; path = SamplePluginApp.app; sourceTree = BUILT_PRODUCTS_DIR; };
		B38D25462A8E06A70058A7ED /* SamplePluginAppApp.swift */ = {isa = PBXFileReference; lastKnownFileType = sourcecode.swift; path = SamplePluginAppApp.swift; sourceTree = "<group>"; };
		B38D25482A8E06A70058A7ED /* ContentView.swift */ = {isa = PBXFileReference; lastKnownFileType = sourcecode.swift; path = ContentView.swift; sourceTree = "<group>"; };
		B38D254A2A8E06A80058A7ED /* Assets.xcassets */ = {isa = PBXFileReference; lastKnownFileType = folder.assetcatalog; path = Assets.xcassets; sourceTree = "<group>"; };
		B38D254D2A8E06A80058A7ED /* Preview Assets.xcassets */ = {isa = PBXFileReference; lastKnownFileType = folder.assetcatalog; path = "Preview Assets.xcassets"; sourceTree = "<group>"; };
		B38D254F2A8E06A80058A7ED /* SamplePluginApp.entitlements */ = {isa = PBXFileReference; lastKnownFileType = text.plist.entitlements; path = SamplePluginApp.entitlements; sourceTree = "<group>"; };
		B38D25542A8E06A90058A7ED /* SamplePluginAppTests.xctest */ = {isa = PBXFileReference; explicitFileType = wrapper.cfbundle; includeInIndex = 0; path = SamplePluginAppTests.xctest; sourceTree = BUILT_PRODUCTS_DIR; };
		B38D25582A8E06A90058A7ED /* SamplePluginAppTests.swift */ = {isa = PBXFileReference; lastKnownFileType = sourcecode.swift; path = SamplePluginAppTests.swift; sourceTree = "<group>"; };
		B38D255E2A8E06A90058A7ED /* SamplePluginAppUITests.xctest */ = {isa = PBXFileReference; explicitFileType = wrapper.cfbundle; includeInIndex = 0; path = SamplePluginAppUITests.xctest; sourceTree = BUILT_PRODUCTS_DIR; };
		B38D25622A8E06A90058A7ED /* SamplePluginAppUITests.swift */ = {isa = PBXFileReference; lastKnownFileType = sourcecode.swift; path = SamplePluginAppUITests.swift; sourceTree = "<group>"; };
		B38D25642A8E06A90058A7ED /* SamplePluginAppUITestsLaunchTests.swift */ = {isa = PBXFileReference; lastKnownFileType = sourcecode.swift; path = SamplePluginAppUITestsLaunchTests.swift; sourceTree = "<group>"; };
		B38D25712A8E08220058A7ED /* Package.swift */ = {isa = PBXFileReference; lastKnownFileType = sourcecode.swift; path = Package.swift; sourceTree = "<group>"; };
		B38D25742A8EFBE00058A7ED /* SamplePlugin */ = {isa = PBXFileReference; lastKnownFileType = wrapper; name = SamplePlugin; path = ..; sourceTree = "<group>"; };
		B38D25752A8EFBED0058A7ED /* Info.plist */ = {isa = PBXFileReference; lastKnownFileType = text.plist; path = Info.plist; sourceTree = "<group>"; };
/* End PBXFileReference section */

/* Begin PBXFrameworksBuildPhase section */
		B38D25402A8E06A70058A7ED /* Frameworks */ = {
			isa = PBXFrameworksBuildPhase;
			buildActionMask = 2147483647;
			files = (
				B38D25772A8EFC060058A7ED /* SamplePlugin in Frameworks */,
			);
			runOnlyForDeploymentPostprocessing = 0;
		};
		B38D25512A8E06A90058A7ED /* Frameworks */ = {
			isa = PBXFrameworksBuildPhase;
			buildActionMask = 2147483647;
			files = (
			);
			runOnlyForDeploymentPostprocessing = 0;
		};
		B38D255B2A8E06A90058A7ED /* Frameworks */ = {
			isa = PBXFrameworksBuildPhase;
			buildActionMask = 2147483647;
			files = (
			);
			runOnlyForDeploymentPostprocessing = 0;
		};
/* End PBXFrameworksBuildPhase section */

/* Begin PBXGroup section */
		B38D253A2A8E06A70058A7ED = {
			isa = PBXGroup;
			children = (
				B38D25712A8E08220058A7ED /* Package.swift */,
				B38D25452A8E06A70058A7ED /* SamplePluginApp */,
				B38D25572A8E06A90058A7ED /* SamplePluginAppTests */,
				B38D25612A8E06A90058A7ED /* SamplePluginAppUITests */,
				B38D25442A8E06A70058A7ED /* Products */,
				B38D25732A8EFBE00058A7ED /* Frameworks */,
			);
			sourceTree = "<group>";
		};
		B38D25442A8E06A70058A7ED /* Products */ = {
			isa = PBXGroup;
			children = (
				B38D25432A8E06A70058A7ED /* SamplePluginApp.app */,
				B38D25542A8E06A90058A7ED /* SamplePluginAppTests.xctest */,
				B38D255E2A8E06A90058A7ED /* SamplePluginAppUITests.xctest */,
			);
			name = Products;
			sourceTree = "<group>";
		};
		B38D25452A8E06A70058A7ED /* SamplePluginApp */ = {
			isa = PBXGroup;
			children = (
				B38D25752A8EFBED0058A7ED /* Info.plist */,
				B38D25462A8E06A70058A7ED /* SamplePluginAppApp.swift */,
				B38D25482A8E06A70058A7ED /* ContentView.swift */,
				B38D254A2A8E06A80058A7ED /* Assets.xcassets */,
				B38D254F2A8E06A80058A7ED /* SamplePluginApp.entitlements */,
				B38D254C2A8E06A80058A7ED /* Preview Content */,
			);
			path = SamplePluginApp;
			sourceTree = "<group>";
		};
		B38D254C2A8E06A80058A7ED /* Preview Content */ = {
			isa = PBXGroup;
			children = (
				B38D254D2A8E06A80058A7ED /* Preview Assets.xcassets */,
			);
			path = "Preview Content";
			sourceTree = "<group>";
		};
		B38D25572A8E06A90058A7ED /* SamplePluginAppTests */ = {
			isa = PBXGroup;
			children = (
				B38D25582A8E06A90058A7ED /* SamplePluginAppTests.swift */,
			);
			path = SamplePluginAppTests;
			sourceTree = "<group>";
		};
		B38D25612A8E06A90058A7ED /* SamplePluginAppUITests */ = {
			isa = PBXGroup;
			children = (
				B38D25622A8E06A90058A7ED /* SamplePluginAppUITests.swift */,
				B38D25642A8E06A90058A7ED /* SamplePluginAppUITestsLaunchTests.swift */,
			);
			path = SamplePluginAppUITests;
			sourceTree = "<group>";
		};
		B38D25732A8EFBE00058A7ED /* Frameworks */ = {
			isa = PBXGroup;
			children = (
				B38D25742A8EFBE00058A7ED /* SamplePlugin */,
			);
			name = Frameworks;
			sourceTree = "<group>";
		};
/* End PBXGroup section */

/* Begin PBXNativeTarget section */
		B38D25422A8E06A70058A7ED /* SamplePluginApp */ = {
			isa = PBXNativeTarget;
			buildConfigurationList = B38D25682A8E06A90058A7ED /* Build configuration list for PBXNativeTarget "SamplePluginApp" */;
			buildPhases = (
				B38D253F2A8E06A70058A7ED /* Sources */,
				B38D25402A8E06A70058A7ED /* Frameworks */,
				B38D25412A8E06A70058A7ED /* Resources */,
			);
			buildRules = (
			);
			dependencies = (
			);
			name = SamplePluginApp;
			packageProductDependencies = (
				B38D25762A8EFC060058A7ED /* SamplePlugin */,
			);
			productName = SamplePluginApp;
			productReference = B38D25432A8E06A70058A7ED /* SamplePluginApp.app */;
			productType = "com.apple.product-type.application";
		};
		B38D25532A8E06A90058A7ED /* SamplePluginAppTests */ = {
			isa = PBXNativeTarget;
			buildConfigurationList = B38D256B2A8E06A90058A7ED /* Build configuration list for PBXNativeTarget "SamplePluginAppTests" */;
			buildPhases = (
				B38D25502A8E06A90058A7ED /* Sources */,
				B38D25512A8E06A90058A7ED /* Frameworks */,
				B38D25522A8E06A90058A7ED /* Resources */,
			);
			buildRules = (
			);
			dependencies = (
				B38D25562A8E06A90058A7ED /* PBXTargetDependency */,
			);
			name = SamplePluginAppTests;
			productName = SamplePluginAppTests;
			productReference = B38D25542A8E06A90058A7ED /* SamplePluginAppTests.xctest */;
			productType = "com.apple.product-type.bundle.unit-test";
		};
		B38D255D2A8E06A90058A7ED /* SamplePluginAppUITests */ = {
			isa = PBXNativeTarget;
			buildConfigurationList = B38D256E2A8E06A90058A7ED /* Build configuration list for PBXNativeTarget "SamplePluginAppUITests" */;
			buildPhases = (
				B38D255A2A8E06A90058A7ED /* Sources */,
				B38D255B2A8E06A90058A7ED /* Frameworks */,
				B38D255C2A8E06A90058A7ED /* Resources */,
			);
			buildRules = (
			);
			dependencies = (
				B38D25602A8E06A90058A7ED /* PBXTargetDependency */,
			);
			name = SamplePluginAppUITests;
			productName = SamplePluginAppUITests;
			productReference = B38D255E2A8E06A90058A7ED /* SamplePluginAppUITests.xctest */;
			productType = "com.apple.product-type.bundle.ui-testing";
		};
/* End PBXNativeTarget section */

/* Begin PBXProject section */
		B38D253B2A8E06A70058A7ED /* Project object */ = {
			isa = PBXProject;
			attributes = {
				BuildIndependentTargetsInParallel = 1;
				LastSwiftUpdateCheck = 1430;
				LastUpgradeCheck = 1430;
				TargetAttributes = {
					B38D25422A8E06A70058A7ED = {
						CreatedOnToolsVersion = 14.3.1;
					};
					B38D25532A8E06A90058A7ED = {
						CreatedOnToolsVersion = 14.3.1;
						TestTargetID = B38D25422A8E06A70058A7ED;
					};
					B38D255D2A8E06A90058A7ED = {
						CreatedOnToolsVersion = 14.3.1;
						TestTargetID = B38D25422A8E06A70058A7ED;
					};
				};
			};
			buildConfigurationList = B38D253E2A8E06A70058A7ED /* Build configuration list for PBXProject "SamplePluginApp" */;
			compatibilityVersion = "Xcode 14.0";
			developmentRegion = en;
			hasScannedForEncodings = 0;
			knownRegions = (
				en,
				Base,
			);
			mainGroup = B38D253A2A8E06A70058A7ED;
			productRefGroup = B38D25442A8E06A70058A7ED /* Products */;
			projectDirPath = "";
			projectRoot = "";
			targets = (
				B38D25422A8E06A70058A7ED /* SamplePluginApp */,
				B38D25532A8E06A90058A7ED /* SamplePluginAppTests */,
				B38D255D2A8E06A90058A7ED /* SamplePluginAppUITests */,
			);
		};
/* End PBXProject section */

/* Begin PBXResourcesBuildPhase section */
		B38D25412A8E06A70058A7ED /* Resources */ = {
			isa = PBXResourcesBuildPhase;
			buildActionMask = 2147483647;
			files = (
				B38D254E2A8E06A80058A7ED /* Preview Assets.xcassets in Resources */,
				B38D254B2A8E06A80058A7ED /* Assets.xcassets in Resources */,
			);
			runOnlyForDeploymentPostprocessing = 0;
		};
		B38D25522A8E06A90058A7ED /* Resources */ = {
			isa = PBXResourcesBuildPhase;
			buildActionMask = 2147483647;
			files = (
			);
			runOnlyForDeploymentPostprocessing = 0;
		};
		B38D255C2A8E06A90058A7ED /* Resources */ = {
			isa = PBXResourcesBuildPhase;
			buildActionMask = 2147483647;
			files = (
			);
			runOnlyForDeploymentPostprocessing = 0;
		};
/* End PBXResourcesBuildPhase section */

/* Begin PBXSourcesBuildPhase section */
		B38D253F2A8E06A70058A7ED /* Sources */ = {
			isa = PBXSourcesBuildPhase;
			buildActionMask = 2147483647;
			files = (
				B38D25492A8E06A70058A7ED /* ContentView.swift in Sources */,
				B38D25472A8E06A70058A7ED /* SamplePluginAppApp.swift in Sources */,
			);
			runOnlyForDeploymentPostprocessing = 0;
		};
		B38D25502A8E06A90058A7ED /* Sources */ = {
			isa = PBXSourcesBuildPhase;
			buildActionMask = 2147483647;
			files = (
				B38D25592A8E06A90058A7ED /* SamplePluginAppTests.swift in Sources */,
			);
			runOnlyForDeploymentPostprocessing = 0;
		};
		B38D255A2A8E06A90058A7ED /* Sources */ = {
			isa = PBXSourcesBuildPhase;
			buildActionMask = 2147483647;
			files = (
				B38D25632A8E06A90058A7ED /* SamplePluginAppUITests.swift in Sources */,
				B38D25652A8E06A90058A7ED /* SamplePluginAppUITestsLaunchTests.swift in Sources */,
			);
			runOnlyForDeploymentPostprocessing = 0;
		};
/* End PBXSourcesBuildPhase section */

/* Begin PBXTargetDependency section */
		B38D25562A8E06A90058A7ED /* PBXTargetDependency */ = {
			isa = PBXTargetDependency;
			target = B38D25422A8E06A70058A7ED /* SamplePluginApp */;
			targetProxy = B38D25552A8E06A90058A7ED /* PBXContainerItemProxy */;
		};
		B38D25602A8E06A90058A7ED /* PBXTargetDependency */ = {
			isa = PBXTargetDependency;
			target = B38D25422A8E06A70058A7ED /* SamplePluginApp */;
			targetProxy = B38D255F2A8E06A90058A7ED /* PBXContainerItemProxy */;
		};
/* End PBXTargetDependency section */

/* Begin XCBuildConfiguration section */
		B38D25662A8E06A90058A7ED /* Debug */ = {
			isa = XCBuildConfiguration;
			buildSettings = {
				ALWAYS_SEARCH_USER_PATHS = NO;
				CLANG_ANALYZER_NONNULL = YES;
				CLANG_ANALYZER_NUMBER_OBJECT_CONVERSION = YES_AGGRESSIVE;
				CLANG_CXX_LANGUAGE_STANDARD = "gnu++20";
				CLANG_ENABLE_MODULES = YES;
				CLANG_ENABLE_OBJC_ARC = YES;
				CLANG_ENABLE_OBJC_WEAK = YES;
				CLANG_WARN_BLOCK_CAPTURE_AUTORELEASING = YES;
				CLANG_WARN_BOOL_CONVERSION = YES;
				CLANG_WARN_COMMA = YES;
				CLANG_WARN_CONSTANT_CONVERSION = YES;
				CLANG_WARN_DEPRECATED_OBJC_IMPLEMENTATIONS = YES;
				CLANG_WARN_DIRECT_OBJC_ISA_USAGE = YES_ERROR;
				CLANG_WARN_DOCUMENTATION_COMMENTS = YES;
				CLANG_WARN_EMPTY_BODY = YES;
				CLANG_WARN_ENUM_CONVERSION = YES;
				CLANG_WARN_INFINITE_RECURSION = YES;
				CLANG_WARN_INT_CONVERSION = YES;
				CLANG_WARN_NON_LITERAL_NULL_CONVERSION = YES;
				CLANG_WARN_OBJC_IMPLICIT_RETAIN_SELF = YES;
				CLANG_WARN_OBJC_LITERAL_CONVERSION = YES;
				CLANG_WARN_OBJC_ROOT_CLASS = YES_ERROR;
				CLANG_WARN_QUOTED_INCLUDE_IN_FRAMEWORK_HEADER = YES;
				CLANG_WARN_RANGE_LOOP_ANALYSIS = YES;
				CLANG_WARN_STRICT_PROTOTYPES = YES;
				CLANG_WARN_SUSPICIOUS_MOVE = YES;
				CLANG_WARN_UNGUARDED_AVAILABILITY = YES_AGGRESSIVE;
				CLANG_WARN_UNREACHABLE_CODE = YES;
				CLANG_WARN__DUPLICATE_METHOD_MATCH = YES;
				COPY_PHASE_STRIP = NO;
				DEBUG_INFORMATION_FORMAT = dwarf;
				ENABLE_STRICT_OBJC_MSGSEND = YES;
				ENABLE_TESTABILITY = YES;
				GCC_C_LANGUAGE_STANDARD = gnu11;
				GCC_DYNAMIC_NO_PIC = NO;
				GCC_NO_COMMON_BLOCKS = YES;
				GCC_OPTIMIZATION_LEVEL = 0;
				GCC_PREPROCESSOR_DEFINITIONS = (
					"DEBUG=1",
					"$(inherited)",
				);
				GCC_WARN_64_TO_32_BIT_CONVERSION = YES;
				GCC_WARN_ABOUT_RETURN_TYPE = YES_ERROR;
				GCC_WARN_UNDECLARED_SELECTOR = YES;
				GCC_WARN_UNINITIALIZED_AUTOS = YES_AGGRESSIVE;
				GCC_WARN_UNUSED_FUNCTION = YES;
				GCC_WARN_UNUSED_VARIABLE = YES;
				MACOSX_DEPLOYMENT_TARGET = 13.3;
				MTL_ENABLE_DEBUG_INFO = INCLUDE_SOURCE;
				MTL_FAST_MATH = YES;
				ONLY_ACTIVE_ARCH = YES;
				SDKROOT = macosx;
				SWIFT_ACTIVE_COMPILATION_CONDITIONS = DEBUG;
				SWIFT_OPTIMIZATION_LEVEL = "-Onone";
			};
			name = Debug;
		};
		B38D25672A8E06A90058A7ED /* Release */ = {
			isa = XCBuildConfiguration;
			buildSettings = {
				ALWAYS_SEARCH_USER_PATHS = NO;
				CLANG_ANALYZER_NONNULL = YES;
				CLANG_ANALYZER_NUMBER_OBJECT_CONVERSION = YES_AGGRESSIVE;
				CLANG_CXX_LANGUAGE_STANDARD = "gnu++20";
				CLANG_ENABLE_MODULES = YES;
				CLANG_ENABLE_OBJC_ARC = YES;
				CLANG_ENABLE_OBJC_WEAK = YES;
				CLANG_WARN_BLOCK_CAPTURE_AUTORELEASING = YES;
				CLANG_WARN_BOOL_CONVERSION = YES;
				CLANG_WARN_COMMA = YES;
				CLANG_WARN_CONSTANT_CONVERSION = YES;
				CLANG_WARN_DEPRECATED_OBJC_IMPLEMENTATIONS = YES;
				CLANG_WARN_DIRECT_OBJC_ISA_USAGE = YES_ERROR;
				CLANG_WARN_DOCUMENTATION_COMMENTS = YES;
				CLANG_WARN_EMPTY_BODY = YES;
				CLANG_WARN_ENUM_CONVERSION = YES;
				CLANG_WARN_INFINITE_RECURSION = YES;
				CLANG_WARN_INT_CONVERSION = YES;
				CLANG_WARN_NON_LITERAL_NULL_CONVERSION = YES;
				CLANG_WARN_OBJC_IMPLICIT_RETAIN_SELF = YES;
				CLANG_WARN_OBJC_LITERAL_CONVERSION = YES;
				CLANG_WARN_OBJC_ROOT_CLASS = YES_ERROR;
				CLANG_WARN_QUOTED_INCLUDE_IN_FRAMEWORK_HEADER = YES;
				CLANG_WARN_RANGE_LOOP_ANALYSIS = YES;
				CLANG_WARN_STRICT_PROTOTYPES = YES;
				CLANG_WARN_SUSPICIOUS_MOVE = YES;
				CLANG_WARN_UNGUARDED_AVAILABILITY = YES_AGGRESSIVE;
				CLANG_WARN_UNREACHABLE_CODE = YES;
				CLANG_WARN__DUPLICATE_METHOD_MATCH = YES;
				COPY_PHASE_STRIP = NO;
				DEBUG_INFORMATION_FORMAT = "dwarf-with-dsym";
				ENABLE_NS_ASSERTIONS = NO;
				ENABLE_STRICT_OBJC_MSGSEND = YES;
				GCC_C_LANGUAGE_STANDARD = gnu11;
				GCC_NO_COMMON_BLOCKS = YES;
				GCC_WARN_64_TO_32_BIT_CONVERSION = YES;
				GCC_WARN_ABOUT_RETURN_TYPE = YES_ERROR;
				GCC_WARN_UNDECLARED_SELECTOR = YES;
				GCC_WARN_UNINITIALIZED_AUTOS = YES_AGGRESSIVE;
				GCC_WARN_UNUSED_FUNCTION = YES;
				GCC_WARN_UNUSED_VARIABLE = YES;
				MACOSX_DEPLOYMENT_TARGET = 13.3;
				MTL_ENABLE_DEBUG_INFO = NO;
				MTL_FAST_MATH = YES;
				SDKROOT = macosx;
				SWIFT_COMPILATION_MODE = wholemodule;
				SWIFT_OPTIMIZATION_LEVEL = "-O";
			};
			name = Release;
		};
		B38D25692A8E06A90058A7ED /* Debug */ = {
			isa = XCBuildConfiguration;
			buildSettings = {
				ASSETCATALOG_COMPILER_APPICON_NAME = AppIcon;
				ASSETCATALOG_COMPILER_GLOBAL_ACCENT_COLOR_NAME = AccentColor;
				CODE_SIGN_ENTITLEMENTS = SamplePluginApp/SamplePluginApp.entitlements;
				CODE_SIGN_STYLE = Automatic;
				COMBINE_HIDPI_IMAGES = YES;
				CURRENT_PROJECT_VERSION = 1;
				DEVELOPMENT_ASSET_PATHS = "\"SamplePluginApp/Preview Content\"";
				ENABLE_PREVIEWS = YES;
				GENERATE_INFOPLIST_FILE = YES;
				INFOPLIST_FILE = SamplePluginApp/Info.plist;
				INFOPLIST_KEY_NSHumanReadableCopyright = "";
				LD_RUNPATH_SEARCH_PATHS = (
					"$(inherited)",
					"@executable_path/../Frameworks",
				);
				MARKETING_VERSION = 1.0;
				PRODUCT_BUNDLE_IDENTIFIER = "com.snym-yt.SamplePluginApp";
				PRODUCT_NAME = "$(TARGET_NAME)";
				SWIFT_EMIT_LOC_STRINGS = YES;
				SWIFT_VERSION = 5.0;
			};
			name = Debug;
		};
		B38D256A2A8E06A90058A7ED /* Release */ = {
			isa = XCBuildConfiguration;
			buildSettings = {
				ASSETCATALOG_COMPILER_APPICON_NAME = AppIcon;
				ASSETCATALOG_COMPILER_GLOBAL_ACCENT_COLOR_NAME = AccentColor;
				CODE_SIGN_ENTITLEMENTS = SamplePluginApp/SamplePluginApp.entitlements;
				CODE_SIGN_STYLE = Automatic;
				COMBINE_HIDPI_IMAGES = YES;
				CURRENT_PROJECT_VERSION = 1;
				DEVELOPMENT_ASSET_PATHS = "\"SamplePluginApp/Preview Content\"";
				ENABLE_PREVIEWS = YES;
				GENERATE_INFOPLIST_FILE = YES;
				INFOPLIST_FILE = SamplePluginApp/Info.plist;
				INFOPLIST_KEY_NSHumanReadableCopyright = "";
				LD_RUNPATH_SEARCH_PATHS = (
					"$(inherited)",
					"@executable_path/../Frameworks",
				);
				MARKETING_VERSION = 1.0;
				PRODUCT_BUNDLE_IDENTIFIER = "com.snym-yt.SamplePluginApp";
				PRODUCT_NAME = "$(TARGET_NAME)";
				SWIFT_EMIT_LOC_STRINGS = YES;
				SWIFT_VERSION = 5.0;
			};
			name = Release;
		};
		B38D256C2A8E06A90058A7ED /* Debug */ = {
			isa = XCBuildConfiguration;
			buildSettings = {
				ALWAYS_EMBED_SWIFT_STANDARD_LIBRARIES = YES;
				BUNDLE_LOADER = "$(TEST_HOST)";
				CODE_SIGN_STYLE = Automatic;
				CURRENT_PROJECT_VERSION = 1;
				GENERATE_INFOPLIST_FILE = YES;
				MACOSX_DEPLOYMENT_TARGET = 13.3;
				MARKETING_VERSION = 1.0;
				PRODUCT_BUNDLE_IDENTIFIER = "com.snym-yt.SamplePluginAppTests";
				PRODUCT_NAME = "$(TARGET_NAME)";
				SWIFT_EMIT_LOC_STRINGS = NO;
				SWIFT_VERSION = 5.0;
				TEST_HOST = "$(BUILT_PRODUCTS_DIR)/SamplePluginApp.app/$(BUNDLE_EXECUTABLE_FOLDER_PATH)/SamplePluginApp";
			};
			name = Debug;
		};
		B38D256D2A8E06A90058A7ED /* Release */ = {
			isa = XCBuildConfiguration;
			buildSettings = {
				ALWAYS_EMBED_SWIFT_STANDARD_LIBRARIES = YES;
				BUNDLE_LOADER = "$(TEST_HOST)";
				CODE_SIGN_STYLE = Automatic;
				CURRENT_PROJECT_VERSION = 1;
				GENERATE_INFOPLIST_FILE = YES;
				MACOSX_DEPLOYMENT_TARGET = 13.3;
				MARKETING_VERSION = 1.0;
				PRODUCT_BUNDLE_IDENTIFIER = "com.snym-yt.SamplePluginAppTests";
				PRODUCT_NAME = "$(TARGET_NAME)";
				SWIFT_EMIT_LOC_STRINGS = NO;
				SWIFT_VERSION = 5.0;
				TEST_HOST = "$(BUILT_PRODUCTS_DIR)/SamplePluginApp.app/$(BUNDLE_EXECUTABLE_FOLDER_PATH)/SamplePluginApp";
			};
			name = Release;
		};
		B38D256F2A8E06A90058A7ED /* Debug */ = {
			isa = XCBuildConfiguration;
			buildSettings = {
				ALWAYS_EMBED_SWIFT_STANDARD_LIBRARIES = YES;
				CODE_SIGN_STYLE = Automatic;
				CURRENT_PROJECT_VERSION = 1;
				GENERATE_INFOPLIST_FILE = YES;
				MARKETING_VERSION = 1.0;
				PRODUCT_BUNDLE_IDENTIFIER = "com.snym-yt.SamplePluginAppUITests";
				PRODUCT_NAME = "$(TARGET_NAME)";
				SWIFT_EMIT_LOC_STRINGS = NO;
				SWIFT_VERSION = 5.0;
				TEST_TARGET_NAME = SamplePluginApp;
			};
			name = Debug;
		};
		B38D25702A8E06A90058A7ED /* Release */ = {
			isa = XCBuildConfiguration;
			buildSettings = {
				ALWAYS_EMBED_SWIFT_STANDARD_LIBRARIES = YES;
				CODE_SIGN_STYLE = Automatic;
				CURRENT_PROJECT_VERSION = 1;
				GENERATE_INFOPLIST_FILE = YES;
				MARKETING_VERSION = 1.0;
				PRODUCT_BUNDLE_IDENTIFIER = "com.snym-yt.SamplePluginAppUITests";
				PRODUCT_NAME = "$(TARGET_NAME)";
				SWIFT_EMIT_LOC_STRINGS = NO;
				SWIFT_VERSION = 5.0;
				TEST_TARGET_NAME = SamplePluginApp;
			};
			name = Release;
		};
/* End XCBuildConfiguration section */

/* Begin XCConfigurationList section */
		B38D253E2A8E06A70058A7ED /* Build configuration list for PBXProject "SamplePluginApp" */ = {
			isa = XCConfigurationList;
			buildConfigurations = (
				B38D25662A8E06A90058A7ED /* Debug */,
				B38D25672A8E06A90058A7ED /* Release */,
			);
			defaultConfigurationIsVisible = 0;
			defaultConfigurationName = Release;
		};
		B38D25682A8E06A90058A7ED /* Build configuration list for PBXNativeTarget "SamplePluginApp" */ = {
			isa = XCConfigurationList;
			buildConfigurations = (
				B38D25692A8E06A90058A7ED /* Debug */,
				B38D256A2A8E06A90058A7ED /* Release */,
			);
			defaultConfigurationIsVisible = 0;
			defaultConfigurationName = Release;
		};
		B38D256B2A8E06A90058A7ED /* Build configuration list for PBXNativeTarget "SamplePluginAppTests" */ = {
			isa = XCConfigurationList;
			buildConfigurations = (
				B38D256C2A8E06A90058A7ED /* Debug */,
				B38D256D2A8E06A90058A7ED /* Release */,
			);
			defaultConfigurationIsVisible = 0;
			defaultConfigurationName = Release;
		};
		B38D256E2A8E06A90058A7ED /* Build configuration list for PBXNativeTarget "SamplePluginAppUITests" */ = {
			isa = XCConfigurationList;
			buildConfigurations = (
				B38D256F2A8E06A90058A7ED /* Debug */,
				B38D25702A8E06A90058A7ED /* Release */,
			);
			defaultConfigurationIsVisible = 0;
			defaultConfigurationName = Release;
		};
/* End XCConfigurationList section */

/* Begin XCSwiftPackageProductDependency section */
		B38D25762A8EFC060058A7ED /* SamplePlugin */ = {
			isa = XCSwiftPackageProductDependency;
			productName = SamplePlugin;
		};
/* End XCSwiftPackageProductDependency section */
	};
	rootObject = B38D253B2A8E06A70058A7ED /* Project object */;
}
